
Microsoft Visual Studio Solution File, Format Version 12.00
# Visual Studio 15
VisualStudioVersion = 15.0.26430.13
MinimumVisualStudioVersion = 10.0.40219.1
Project("{9A19103F-16F7-4668-BE54-9A1E7A4F7556}") = "Staircase", "Staircase\Staircase.csproj", "{D0917FD0-23BD-4CC2-BF99-BC6D2C847400}"
EndProject
Project("{9A19103F-16F7-4668-BE54-9A1E7A4F7556}") = "MinMaxSum", "Min-Max_Sum\MinMaxSum.csproj", "{7E7C72E8-6FA6-4F46-9C7A-1195AEF5D789}"
EndProject
Project("{9A19103F-16F7-4668-BE54-9A1E7A4F7556}") = "BirthdayCakeCandles", "BirthdayCakeCandles\BirthdayCakeCandles.csproj", "{BC84E55F-9904-4D94-A28E-AA92C2A49F6F}"
EndProject
Project("{9A19103F-16F7-4668-BE54-9A1E7A4F7556}") = "TimeConversion", "TimeConversion\TimeConversion.csproj", "{588B56F3-BC2F-4CC9-A785-C6B78661501E}"
EndProject
Project("{9A19103F-16F7-4668-BE54-9A1E7A4F7556}") = "DiagonalDifference", "DiagonalDifference\DiagonalDifference.csproj", "{00673B7B-09F6-46A7-ABB8-E2EE45814041}"
EndProject
Project("{9A19103F-16F7-4668-BE54-9A1E7A4F7556}") = "PlusMinus", "PlusMinus\PlusMinus.csproj", "{3EB11F35-E0A9-43CB-9E58-849EC4AF1C02}"
EndProject
Project("{2150E333-8FDC-42A3-9474-1A3956D46DE8}") = "Warmups", "Warmups", "{8FB45D5D-D9F0-435D-8C90-CF24DEA52394}"
EndProject
Project("{2150E333-8FDC-42A3-9474-1A3956D46DE8}") = "Implementation", "Implementation", "{F003A303-6E71-44F6-814F-DBE81277C5D7}"
EndProject
Project("{FAE04EC0-301F-11D3-BF4B-00C04F79EFBC}") = "GradingStudents", "..\GradingStudents\GradingStudents.csproj", "{A134107E-AF99-472F-8953-7D43EE115A6C}"
EndProject
Project("{FAE04EC0-301F-11D3-BF4B-00C04F79EFBC}") = "Kangaroo", "Kangaroo\Kangaroo.csproj", "{53BB9269-09A8-4C4A-8011-7141DF01C255}"
EndProject
Project("{FAE04EC0-301F-11D3-BF4B-00C04F79EFBC}") = "BetweenTwoSets", "BetweenTwoSets\BetweenTwoSets.csproj", "{40B2EEAF-5EC7-42FE-BEF3-331518A6E360}"
EndProject
Project("{FAE04EC0-301F-11D3-BF4B-00C04F79EFBC}") = "BreakingtheRecords", "BreakingtheRecords\BreakingtheRecords.csproj", "{D8850670-024D-44D8-A1E8-234C490E9DE5}"
EndProject
Project("{FAE04EC0-301F-11D3-BF4B-00C04F79EFBC}") = "ApplesAndOranges", "ApplesAndOranges\ApplesAndOranges.csproj", "{E084E802-DDA1-4159-B83D-44A11684CD29}"
EndProject
Project("{FAE04EC0-301F-11D3-BF4B-00C04F79EFBC}") = "BirthdayChocolate", "BirthdayChocolate\BirthdayChocolate.csproj", "{F732D7CC-52C9-4970-AF9B-D71284200146}"
EndProject
Global
	GlobalSection(SolutionConfigurationPlatforms) = preSolution
		Debug|Any CPU = Debug|Any CPU
		Release|Any CPU = Release|Any CPU
	EndGlobalSection
	GlobalSection(ProjectConfigurationPlatforms) = postSolution
		{D0917FD0-23BD-4CC2-BF99-BC6D2C847400}.Debug|Any CPU.ActiveCfg = Debug|Any CPU
		{D0917FD0-23BD-4CC2-BF99-BC6D2C847400}.Debug|Any CPU.Build.0 = Debug|Any CPU
		{D0917FD0-23BD-4CC2-BF99-BC6D2C847400}.Release|Any CPU.ActiveCfg = Release|Any CPU
		{D0917FD0-23BD-4CC2-BF99-BC6D2C847400}.Release|Any CPU.Build.0 = Release|Any CPU
		{7E7C72E8-6FA6-4F46-9C7A-1195AEF5D789}.Debug|Any CPU.ActiveCfg = Debug|Any CPU
		{7E7C72E8-6FA6-4F46-9C7A-1195AEF5D789}.Debug|Any CPU.Build.0 = Debug|Any CPU
		{7E7C72E8-6FA6-4F46-9C7A-1195AEF5D789}.Release|Any CPU.ActiveCfg = Release|Any CPU
		{7E7C72E8-6FA6-4F46-9C7A-1195AEF5D789}.Release|Any CPU.Build.0 = Release|Any CPU
		{BC84E55F-9904-4D94-A28E-AA92C2A49F6F}.Debug|Any CPU.ActiveCfg = Debug|Any CPU
		{BC84E55F-9904-4D94-A28E-AA92C2A49F6F}.Debug|Any CPU.Build.0 = Debug|Any CPU
		{BC84E55F-9904-4D94-A28E-AA92C2A49F6F}.Release|Any CPU.ActiveCfg = Release|Any CPU
		{BC84E55F-9904-4D94-A28E-AA92C2A49F6F}.Release|Any CPU.Build.0 = Release|Any CPU
		{588B56F3-BC2F-4CC9-A785-C6B78661501E}.Debug|Any CPU.ActiveCfg = Debug|Any CPU
		{588B56F3-BC2F-4CC9-A785-C6B78661501E}.Debug|Any CPU.Build.0 = Debug|Any CPU
		{588B56F3-BC2F-4CC9-A785-C6B78661501E}.Release|Any CPU.ActiveCfg = Release|Any CPU
		{588B56F3-BC2F-4CC9-A785-C6B78661501E}.Release|Any CPU.Build.0 = Release|Any CPU
		{00673B7B-09F6-46A7-ABB8-E2EE45814041}.Debug|Any CPU.ActiveCfg = Debug|Any CPU
		{00673B7B-09F6-46A7-ABB8-E2EE45814041}.Debug|Any CPU.Build.0 = Debug|Any CPU
		{00673B7B-09F6-46A7-ABB8-E2EE45814041}.Release|Any CPU.ActiveCfg = Release|Any CPU
		{00673B7B-09F6-46A7-ABB8-E2EE45814041}.Release|Any CPU.Build.0 = Release|Any CPU
		{3EB11F35-E0A9-43CB-9E58-849EC4AF1C02}.Debug|Any CPU.ActiveCfg = Debug|Any CPU
		{3EB11F35-E0A9-43CB-9E58-849EC4AF1C02}.Debug|Any CPU.Build.0 = Debug|Any CPU
		{3EB11F35-E0A9-43CB-9E58-849EC4AF1C02}.Release|Any CPU.ActiveCfg = Release|Any CPU
		{3EB11F35-E0A9-43CB-9E58-849EC4AF1C02}.Release|Any CPU.Build.0 = Release|Any CPU
		{A134107E-AF99-472F-8953-7D43EE115A6C}.Debug|Any CPU.ActiveCfg = Debug|Any CPU
		{A134107E-AF99-472F-8953-7D43EE115A6C}.Debug|Any CPU.Build.0 = Debug|Any CPU
		{A134107E-AF99-472F-8953-7D43EE115A6C}.Release|Any CPU.ActiveCfg = Release|Any CPU
		{A134107E-AF99-472F-8953-7D43EE115A6C}.Release|Any CPU.Build.0 = Release|Any CPU
		{53BB9269-09A8-4C4A-8011-7141DF01C255}.Debug|Any CPU.ActiveCfg = Debug|Any CPU
		{53BB9269-09A8-4C4A-8011-7141DF01C255}.Debug|Any CPU.Build.0 = Debug|Any CPU
		{53BB9269-09A8-4C4A-8011-7141DF01C255}.Release|Any CPU.ActiveCfg = Release|Any CPU
		{53BB9269-09A8-4C4A-8011-7141DF01C255}.Release|Any CPU.Build.0 = Release|Any CPU
		{40B2EEAF-5EC7-42FE-BEF3-331518A6E360}.Debug|Any CPU.ActiveCfg = Debug|Any CPU
		{40B2EEAF-5EC7-42FE-BEF3-331518A6E360}.Debug|Any CPU.Build.0 = Debug|Any CPU
		{40B2EEAF-5EC7-42FE-BEF3-331518A6E360}.Release|Any CPU.ActiveCfg = Release|Any CPU
		{40B2EEAF-5EC7-42FE-BEF3-331518A6E360}.Release|Any CPU.Build.0 = Release|Any CPU
		{D8850670-024D-44D8-A1E8-234C490E9DE5}.Debug|Any CPU.ActiveCfg = Debug|Any CPU
		{D8850670-024D-44D8-A1E8-234C490E9DE5}.Debug|Any CPU.Build.0 = Debug|Any CPU
		{D8850670-024D-44D8-A1E8-234C490E9DE5}.Release|Any CPU.ActiveCfg = Release|Any CPU
		{D8850670-024D-44D8-A1E8-234C490E9DE5}.Release|Any CPU.Build.0 = Release|Any CPU
		{E084E802-DDA1-4159-B83D-44A11684CD29}.Debug|Any CPU.ActiveCfg = Debug|Any CPU
		{E084E802-DDA1-4159-B83D-44A11684CD29}.Debug|Any CPU.Build.0 = Debug|Any CPU
		{E084E802-DDA1-4159-B83D-44A11684CD29}.Release|Any CPU.ActiveCfg = Release|Any CPU
		{E084E802-DDA1-4159-B83D-44A11684CD29}.Release|Any CPU.Build.0 = Release|Any CPU
		{F732D7CC-52C9-4970-AF9B-D71284200146}.Debug|Any CPU.ActiveCfg = Debug|Any CPU
		{F732D7CC-52C9-4970-AF9B-D71284200146}.Debug|Any CPU.Build.0 = Debug|Any CPU
		{F732D7CC-52C9-4970-AF9B-D71284200146}.Release|Any CPU.ActiveCfg = Release|Any CPU
		{F732D7CC-52C9-4970-AF9B-D71284200146}.Release|Any CPU.Build.0 = Release|Any CPU
	EndGlobalSection
	GlobalSection(SolutionProperties) = preSolution
		HideSolutionNode = FALSE
	EndGlobalSection
	GlobalSection(NestedProjects) = preSolution
		{D0917FD0-23BD-4CC2-BF99-BC6D2C847400} = {8FB45D5D-D9F0-435D-8C90-CF24DEA52394}
		{7E7C72E8-6FA6-4F46-9C7A-1195AEF5D789} = {8FB45D5D-D9F0-435D-8C90-CF24DEA52394}
		{BC84E55F-9904-4D94-A28E-AA92C2A49F6F} = {8FB45D5D-D9F0-435D-8C90-CF24DEA52394}
		{588B56F3-BC2F-4CC9-A785-C6B78661501E} = {8FB45D5D-D9F0-435D-8C90-CF24DEA52394}
		{00673B7B-09F6-46A7-ABB8-E2EE45814041} = {8FB45D5D-D9F0-435D-8C90-CF24DEA52394}
		{3EB11F35-E0A9-43CB-9E58-849EC4AF1C02} = {8FB45D5D-D9F0-435D-8C90-CF24DEA52394}
		{A134107E-AF99-472F-8953-7D43EE115A6C} = {F003A303-6E71-44F6-814F-DBE81277C5D7}
		{53BB9269-09A8-4C4A-8011-7141DF01C255} = {F003A303-6E71-44F6-814F-DBE81277C5D7}
		{40B2EEAF-5EC7-42FE-BEF3-331518A6E360} = {F003A303-6E71-44F6-814F-DBE81277C5D7}
		{D8850670-024D-44D8-A1E8-234C490E9DE5} = {F003A303-6E71-44F6-814F-DBE81277C5D7}
		{E084E802-DDA1-4159-B83D-44A11684CD29} = {F003A303-6E71-44F6-814F-DBE81277C5D7}
		{F732D7CC-52C9-4970-AF9B-D71284200146} = {F003A303-6E71-44F6-814F-DBE81277C5D7}
	EndGlobalSection
EndGlobal
